
Microsoft Visual Studio Solution File, Format Version 12.00
# Visual Studio Version 17
VisualStudioVersion = 17.8.34525.116
MinimumVisualStudioVersion = 10.0.40219.1
Project("{FAE04EC0-301F-11D3-BF4B-00C04F79EFBC}") = "test_avto", "test_avto.csproj", "{6849A25D-8C56-4A3B-B2F7-834CFDC4BBF5}"
EndProject
Project("{FAE04EC0-301F-11D3-BF4B-00C04F79EFBC}") = "TestProject1", "..\TestProject1\TestProject1.csproj", "{75F3E3D2-A135-481E-9E32-6D4DE4F553B7}"
EndProject
Global
	GlobalSection(SolutionConfigurationPlatforms) = preSolution
		Debug|Any CPU = Debug|Any CPU
		Release|Any CPU = Release|Any CPU
	EndGlobalSection
	GlobalSection(ProjectConfigurationPlatforms) = postSolution
		{6849A25D-8C56-4A3B-B2F7-834CFDC4BBF5}.Debug|Any CPU.ActiveCfg = Debug|Any CPU
		{6849A25D-8C56-4A3B-B2F7-834CFDC4BBF5}.Debug|Any CPU.Build.0 = Debug|Any CPU
		{6849A25D-8C56-4A3B-B2F7-834CFDC4BBF5}.Release|Any CPU.ActiveCfg = Release|Any CPU
		{6849A25D-8C56-4A3B-B2F7-834CFDC4BBF5}.Release|Any CPU.Build.0 = Release|Any CPU
		{75F3E3D2-A135-481E-9E32-6D4DE4F553B7}.Debug|Any CPU.ActiveCfg = Debug|Any CPU
		{75F3E3D2-A135-481E-9E32-6D4DE4F553B7}.Debug|Any CPU.Build.0 = Debug|Any CPU
		{75F3E3D2-A135-481E-9E32-6D4DE4F553B7}.Release|Any CPU.ActiveCfg = Release|Any CPU
		{75F3E3D2-A135-481E-9E32-6D4DE4F553B7}.Release|Any CPU.Build.0 = Release|Any CPU
	EndGlobalSection
	GlobalSection(SolutionProperties) = preSolution
		HideSolutionNode = FALSE
	EndGlobalSection
	GlobalSection(ExtensibilityGlobals) = postSolution
		SolutionGuid = {A414DAF6-613B-41D2-8F65-6646C548C549}
	EndGlobalSection
EndGlobal
